
Microsoft Visual Studio Solution File, Format Version 12.00
# Visual Studio Version 17
VisualStudioVersion = 17.12.35728.132 d17.12
MinimumVisualStudioVersion = 10.0.40219.1
Project("{FAE04EC0-301F-11D3-BF4B-00C04F79EFBC}") = "POSapp", "POSapp.csproj", "{49B9B516-34ED-42E3-856D-95D2056710DF}"
EndProject
Global
	GlobalSection(SolutionConfigurationPlatforms) = preSolution
		Debug|Any CPU = Debug|Any CPU
		Release|Any CPU = Release|Any CPU
	EndGlobalSection
	GlobalSection(ProjectConfigurationPlatforms) = postSolution
		{49B9B516-34ED-42E3-856D-95D2056710DF}.Debug|Any CPU.ActiveCfg = Debug|Any CPU
		{49B9B516-34ED-42E3-856D-95D2056710DF}.Debug|Any CPU.Build.0 = Debug|Any CPU
		{49B9B516-34ED-42E3-856D-95D2056710DF}.Release|Any CPU.ActiveCfg = Release|Any CPU
		{49B9B516-34ED-42E3-856D-95D2056710DF}.Release|Any CPU.Build.0 = Release|Any CPU
	EndGlobalSection
	GlobalSection(SolutionProperties) = preSolution
		HideSolutionNode = FALSE
	EndGlobalSection
EndGlobal
